
Microsoft Visual Studio Solution File, Format Version 12.00
# Visual Studio 14
VisualStudioVersion = 14.0.25420.1
MinimumVisualStudioVersion = 10.0.40219.1
Project("{2150E333-8FDC-42A3-9474-1A3956D46DE8}") = "TravelItemBusiness", "TravelItemBusiness", "{A75D1498-B2B4-45FB-B521-A85C12F35D32}"
EndProject
Project("{FAE04EC0-301F-11D3-BF4B-00C04F79EFBC}") = "TravelItemAppSelfHost", "TravelItemAppSelfHost\TravelItemAppSelfHost.csproj", "{26EB14B4-B91A-42D3-812D-8169C46970F8}"
EndProject
Project("{FAE04EC0-301F-11D3-BF4B-00C04F79EFBC}") = "TravelItemAppWinForm", "TravelItemAppWinForm\TravelItemAppWinForm.csproj", "{826BD12E-ABC9-4DD6-B86D-AC68D13E19B3}"
EndProject
Project("{FAE04EC0-301F-11D3-BF4B-00C04F79EFBC}") = "TravelItemUWP", "TravelItemUWP\TravelItemUWP.csproj", "{918B79C1-F8D9-4D0A-8205-7FDFA1A8D86E}"
EndProject
Global
	GlobalSection(SolutionConfigurationPlatforms) = preSolution
		Debug|Any CPU = Debug|Any CPU
		Debug|ARM = Debug|ARM
		Debug|x64 = Debug|x64
		Debug|x86 = Debug|x86
		Release|Any CPU = Release|Any CPU
		Release|ARM = Release|ARM
		Release|x64 = Release|x64
		Release|x86 = Release|x86
	EndGlobalSection
	GlobalSection(ProjectConfigurationPlatforms) = postSolution
		{26EB14B4-B91A-42D3-812D-8169C46970F8}.Debug|Any CPU.ActiveCfg = Debug|Any CPU
		{26EB14B4-B91A-42D3-812D-8169C46970F8}.Debug|Any CPU.Build.0 = Debug|Any CPU
		{26EB14B4-B91A-42D3-812D-8169C46970F8}.Debug|ARM.ActiveCfg = Debug|Any CPU
		{26EB14B4-B91A-42D3-812D-8169C46970F8}.Debug|ARM.Build.0 = Debug|Any CPU
		{26EB14B4-B91A-42D3-812D-8169C46970F8}.Debug|x64.ActiveCfg = Debug|Any CPU
		{26EB14B4-B91A-42D3-812D-8169C46970F8}.Debug|x64.Build.0 = Debug|Any CPU
		{26EB14B4-B91A-42D3-812D-8169C46970F8}.Debug|x86.ActiveCfg = Debug|Any CPU
		{26EB14B4-B91A-42D3-812D-8169C46970F8}.Debug|x86.Build.0 = Debug|Any CPU
		{26EB14B4-B91A-42D3-812D-8169C46970F8}.Release|Any CPU.ActiveCfg = Release|Any CPU
		{26EB14B4-B91A-42D3-812D-8169C46970F8}.Release|Any CPU.Build.0 = Release|Any CPU
		{26EB14B4-B91A-42D3-812D-8169C46970F8}.Release|ARM.ActiveCfg = Release|Any CPU
		{26EB14B4-B91A-42D3-812D-8169C46970F8}.Release|ARM.Build.0 = Release|Any CPU
		{26EB14B4-B91A-42D3-812D-8169C46970F8}.Release|x64.ActiveCfg = Release|Any CPU
		{26EB14B4-B91A-42D3-812D-8169C46970F8}.Release|x64.Build.0 = Release|Any CPU
		{26EB14B4-B91A-42D3-812D-8169C46970F8}.Release|x86.ActiveCfg = Release|Any CPU
		{26EB14B4-B91A-42D3-812D-8169C46970F8}.Release|x86.Build.0 = Release|Any CPU
		{826BD12E-ABC9-4DD6-B86D-AC68D13E19B3}.Debug|Any CPU.ActiveCfg = Debug|Any CPU
		{826BD12E-ABC9-4DD6-B86D-AC68D13E19B3}.Debug|Any CPU.Build.0 = Debug|Any CPU
		{826BD12E-ABC9-4DD6-B86D-AC68D13E19B3}.Debug|ARM.ActiveCfg = Debug|Any CPU
		{826BD12E-ABC9-4DD6-B86D-AC68D13E19B3}.Debug|ARM.Build.0 = Debug|Any CPU
		{826BD12E-ABC9-4DD6-B86D-AC68D13E19B3}.Debug|x64.ActiveCfg = Debug|Any CPU
		{826BD12E-ABC9-4DD6-B86D-AC68D13E19B3}.Debug|x64.Build.0 = Debug|Any CPU
		{826BD12E-ABC9-4DD6-B86D-AC68D13E19B3}.Debug|x86.ActiveCfg = Debug|Any CPU
		{826BD12E-ABC9-4DD6-B86D-AC68D13E19B3}.Debug|x86.Build.0 = Debug|Any CPU
		{826BD12E-ABC9-4DD6-B86D-AC68D13E19B3}.Release|Any CPU.ActiveCfg = Release|Any CPU
		{826BD12E-ABC9-4DD6-B86D-AC68D13E19B3}.Release|Any CPU.Build.0 = Release|Any CPU
		{826BD12E-ABC9-4DD6-B86D-AC68D13E19B3}.Release|ARM.ActiveCfg = Release|Any CPU
		{826BD12E-ABC9-4DD6-B86D-AC68D13E19B3}.Release|ARM.Build.0 = Release|Any CPU
		{826BD12E-ABC9-4DD6-B86D-AC68D13E19B3}.Release|x64.ActiveCfg = Release|Any CPU
		{826BD12E-ABC9-4DD6-B86D-AC68D13E19B3}.Release|x64.Build.0 = Release|Any CPU
		{826BD12E-ABC9-4DD6-B86D-AC68D13E19B3}.Release|x86.ActiveCfg = Release|Any CPU
		{826BD12E-ABC9-4DD6-B86D-AC68D13E19B3}.Release|x86.Build.0 = Release|Any CPU
		{918B79C1-F8D9-4D0A-8205-7FDFA1A8D86E}.Debug|Any CPU.ActiveCfg = Debug|x86
		{918B79C1-F8D9-4D0A-8205-7FDFA1A8D86E}.Debug|ARM.ActiveCfg = Debug|ARM
		{918B79C1-F8D9-4D0A-8205-7FDFA1A8D86E}.Debug|ARM.Build.0 = Debug|ARM
		{918B79C1-F8D9-4D0A-8205-7FDFA1A8D86E}.Debug|ARM.Deploy.0 = Debug|ARM
		{918B79C1-F8D9-4D0A-8205-7FDFA1A8D86E}.Debug|x64.ActiveCfg = Debug|x64
		{918B79C1-F8D9-4D0A-8205-7FDFA1A8D86E}.Debug|x64.Build.0 = Debug|x64
		{918B79C1-F8D9-4D0A-8205-7FDFA1A8D86E}.Debug|x64.Deploy.0 = Debug|x64
		{918B79C1-F8D9-4D0A-8205-7FDFA1A8D86E}.Debug|x86.ActiveCfg = Debug|x86
		{918B79C1-F8D9-4D0A-8205-7FDFA1A8D86E}.Debug|x86.Build.0 = Debug|x86
		{918B79C1-F8D9-4D0A-8205-7FDFA1A8D86E}.Debug|x86.Deploy.0 = Debug|x86
		{918B79C1-F8D9-4D0A-8205-7FDFA1A8D86E}.Release|Any CPU.ActiveCfg = Release|x86
		{918B79C1-F8D9-4D0A-8205-7FDFA1A8D86E}.Release|ARM.ActiveCfg = Release|ARM
		{918B79C1-F8D9-4D0A-8205-7FDFA1A8D86E}.Release|ARM.Build.0 = Release|ARM
		{918B79C1-F8D9-4D0A-8205-7FDFA1A8D86E}.Release|ARM.Deploy.0 = Release|ARM
		{918B79C1-F8D9-4D0A-8205-7FDFA1A8D86E}.Release|x64.ActiveCfg = Release|x64
		{918B79C1-F8D9-4D0A-8205-7FDFA1A8D86E}.Release|x64.Build.0 = Release|x64
		{918B79C1-F8D9-4D0A-8205-7FDFA1A8D86E}.Release|x64.Deploy.0 = Release|x64
		{918B79C1-F8D9-4D0A-8205-7FDFA1A8D86E}.Release|x86.ActiveCfg = Release|x86
		{918B79C1-F8D9-4D0A-8205-7FDFA1A8D86E}.Release|x86.Build.0 = Release|x86
		{918B79C1-F8D9-4D0A-8205-7FDFA1A8D86E}.Release|x86.Deploy.0 = Release|x86
	EndGlobalSection
	GlobalSection(SolutionProperties) = preSolution
		HideSolutionNode = FALSE
	EndGlobalSection
	GlobalSection(NestedProjects) = preSolution
		{26EB14B4-B91A-42D3-812D-8169C46970F8} = {A75D1498-B2B4-45FB-B521-A85C12F35D32}
		{826BD12E-ABC9-4DD6-B86D-AC68D13E19B3} = {A75D1498-B2B4-45FB-B521-A85C12F35D32}
		{918B79C1-F8D9-4D0A-8205-7FDFA1A8D86E} = {A75D1498-B2B4-45FB-B521-A85C12F35D32}
	EndGlobalSection
EndGlobal
